
Microsoft Visual Studio Solution File, Format Version 12.00
# Visual Studio Version 17
VisualStudioVersion = 17.5.33502.453
MinimumVisualStudioVersion = 10.0.40219.1
Project("{FAE04EC0-301F-11D3-BF4B-00C04F79EFBC}") = "restaurantReservation", "restaurantReservation\restaurantReservation.csproj", "{8F50C6F4-8088-4336-8803-2D982B715357}"
EndProject
Global
	GlobalSection(SolutionConfigurationPlatforms) = preSolution
		Debug|Any CPU = Debug|Any CPU
		Release|Any CPU = Release|Any CPU
	EndGlobalSection
	GlobalSection(ProjectConfigurationPlatforms) = postSolution
		{8F50C6F4-8088-4336-8803-2D982B715357}.Debug|Any CPU.ActiveCfg = Debug|Any CPU
		{8F50C6F4-8088-4336-8803-2D982B715357}.Debug|Any CPU.Build.0 = Debug|Any CPU
		{8F50C6F4-8088-4336-8803-2D982B715357}.Release|Any CPU.ActiveCfg = Release|Any CPU
		{8F50C6F4-8088-4336-8803-2D982B715357}.Release|Any CPU.Build.0 = Release|Any CPU
	EndGlobalSection
	GlobalSection(SolutionProperties) = preSolution
		HideSolutionNode = FALSE
	EndGlobalSection
	GlobalSection(ExtensibilityGlobals) = postSolution
		SolutionGuid = {A02842B8-22BE-4578-A2EA-FF9AB7F30A9F}
	EndGlobalSection
EndGlobal
